
Microsoft Visual Studio Solution File, Format Version 12.00
# Visual Studio 15
VisualStudioVersion = 15.0.26124.0
MinimumVisualStudioVersion = 15.0.26124.0
Project("{FAE04EC0-301F-11D3-BF4B-00C04F79EFBC}") = "Domain", "Domain\Domain.csproj", "{CDFE05D1-0927-405A-BFAA-0131AFD2B0F5}"
EndProject
Project("{FAE04EC0-301F-11D3-BF4B-00C04F79EFBC}") = "Application", "Application\Application.csproj", "{9F11E8C4-B333-4B79-8B5C-894041D9F7A4}"
EndProject
Project("{FAE04EC0-301F-11D3-BF4B-00C04F79EFBC}") = "Persistence", "Persistence\Persistence.csproj", "{8B0DC74D-5E60-4F92-9949-C6090795A116}"
EndProject
Project("{FAE04EC0-301F-11D3-BF4B-00C04F79EFBC}") = "API", "API\API.csproj", "{DD7E0900-532E-400F-9D6E-802272780786}"
EndProject
Global
	GlobalSection(SolutionConfigurationPlatforms) = preSolution
		Debug|Any CPU = Debug|Any CPU
		Debug|x64 = Debug|x64
		Debug|x86 = Debug|x86
		Release|Any CPU = Release|Any CPU
		Release|x64 = Release|x64
		Release|x86 = Release|x86
	EndGlobalSection
	GlobalSection(SolutionProperties) = preSolution
		HideSolutionNode = FALSE
	EndGlobalSection
	GlobalSection(ProjectConfigurationPlatforms) = postSolution
		{CDFE05D1-0927-405A-BFAA-0131AFD2B0F5}.Debug|Any CPU.ActiveCfg = Debug|Any CPU
		{CDFE05D1-0927-405A-BFAA-0131AFD2B0F5}.Debug|Any CPU.Build.0 = Debug|Any CPU
		{CDFE05D1-0927-405A-BFAA-0131AFD2B0F5}.Debug|x64.ActiveCfg = Debug|Any CPU
		{CDFE05D1-0927-405A-BFAA-0131AFD2B0F5}.Debug|x64.Build.0 = Debug|Any CPU
		{CDFE05D1-0927-405A-BFAA-0131AFD2B0F5}.Debug|x86.ActiveCfg = Debug|Any CPU
		{CDFE05D1-0927-405A-BFAA-0131AFD2B0F5}.Debug|x86.Build.0 = Debug|Any CPU
		{CDFE05D1-0927-405A-BFAA-0131AFD2B0F5}.Release|Any CPU.ActiveCfg = Release|Any CPU
		{CDFE05D1-0927-405A-BFAA-0131AFD2B0F5}.Release|Any CPU.Build.0 = Release|Any CPU
		{CDFE05D1-0927-405A-BFAA-0131AFD2B0F5}.Release|x64.ActiveCfg = Release|Any CPU
		{CDFE05D1-0927-405A-BFAA-0131AFD2B0F5}.Release|x64.Build.0 = Release|Any CPU
		{CDFE05D1-0927-405A-BFAA-0131AFD2B0F5}.Release|x86.ActiveCfg = Release|Any CPU
		{CDFE05D1-0927-405A-BFAA-0131AFD2B0F5}.Release|x86.Build.0 = Release|Any CPU
		{9F11E8C4-B333-4B79-8B5C-894041D9F7A4}.Debug|Any CPU.ActiveCfg = Debug|Any CPU
		{9F11E8C4-B333-4B79-8B5C-894041D9F7A4}.Debug|Any CPU.Build.0 = Debug|Any CPU
		{9F11E8C4-B333-4B79-8B5C-894041D9F7A4}.Debug|x64.ActiveCfg = Debug|Any CPU
		{9F11E8C4-B333-4B79-8B5C-894041D9F7A4}.Debug|x64.Build.0 = Debug|Any CPU
		{9F11E8C4-B333-4B79-8B5C-894041D9F7A4}.Debug|x86.ActiveCfg = Debug|Any CPU
		{9F11E8C4-B333-4B79-8B5C-894041D9F7A4}.Debug|x86.Build.0 = Debug|Any CPU
		{9F11E8C4-B333-4B79-8B5C-894041D9F7A4}.Release|Any CPU.ActiveCfg = Release|Any CPU
		{9F11E8C4-B333-4B79-8B5C-894041D9F7A4}.Release|Any CPU.Build.0 = Release|Any CPU
		{9F11E8C4-B333-4B79-8B5C-894041D9F7A4}.Release|x64.ActiveCfg = Release|Any CPU
		{9F11E8C4-B333-4B79-8B5C-894041D9F7A4}.Release|x64.Build.0 = Release|Any CPU
		{9F11E8C4-B333-4B79-8B5C-894041D9F7A4}.Release|x86.ActiveCfg = Release|Any CPU
		{9F11E8C4-B333-4B79-8B5C-894041D9F7A4}.Release|x86.Build.0 = Release|Any CPU
		{8B0DC74D-5E60-4F92-9949-C6090795A116}.Debug|Any CPU.ActiveCfg = Debug|Any CPU
		{8B0DC74D-5E60-4F92-9949-C6090795A116}.Debug|Any CPU.Build.0 = Debug|Any CPU
		{8B0DC74D-5E60-4F92-9949-C6090795A116}.Debug|x64.ActiveCfg = Debug|Any CPU
		{8B0DC74D-5E60-4F92-9949-C6090795A116}.Debug|x64.Build.0 = Debug|Any CPU
		{8B0DC74D-5E60-4F92-9949-C6090795A116}.Debug|x86.ActiveCfg = Debug|Any CPU
		{8B0DC74D-5E60-4F92-9949-C6090795A116}.Debug|x86.Build.0 = Debug|Any CPU
		{8B0DC74D-5E60-4F92-9949-C6090795A116}.Release|Any CPU.ActiveCfg = Release|Any CPU
		{8B0DC74D-5E60-4F92-9949-C6090795A116}.Release|Any CPU.Build.0 = Release|Any CPU
		{8B0DC74D-5E60-4F92-9949-C6090795A116}.Release|x64.ActiveCfg = Release|Any CPU
		{8B0DC74D-5E60-4F92-9949-C6090795A116}.Release|x64.Build.0 = Release|Any CPU
		{8B0DC74D-5E60-4F92-9949-C6090795A116}.Release|x86.ActiveCfg = Release|Any CPU
		{8B0DC74D-5E60-4F92-9949-C6090795A116}.Release|x86.Build.0 = Release|Any CPU
		{DD7E0900-532E-400F-9D6E-802272780786}.Debug|Any CPU.ActiveCfg = Debug|Any CPU
		{DD7E0900-532E-400F-9D6E-802272780786}.Debug|Any CPU.Build.0 = Debug|Any CPU
		{DD7E0900-532E-400F-9D6E-802272780786}.Debug|x64.ActiveCfg = Debug|Any CPU
		{DD7E0900-532E-400F-9D6E-802272780786}.Debug|x64.Build.0 = Debug|Any CPU
		{DD7E0900-532E-400F-9D6E-802272780786}.Debug|x86.ActiveCfg = Debug|Any CPU
		{DD7E0900-532E-400F-9D6E-802272780786}.Debug|x86.Build.0 = Debug|Any CPU
		{DD7E0900-532E-400F-9D6E-802272780786}.Release|Any CPU.ActiveCfg = Release|Any CPU
		{DD7E0900-532E-400F-9D6E-802272780786}.Release|Any CPU.Build.0 = Release|Any CPU
		{DD7E0900-532E-400F-9D6E-802272780786}.Release|x64.ActiveCfg = Release|Any CPU
		{DD7E0900-532E-400F-9D6E-802272780786}.Release|x64.Build.0 = Release|Any CPU
		{DD7E0900-532E-400F-9D6E-802272780786}.Release|x86.ActiveCfg = Release|Any CPU
		{DD7E0900-532E-400F-9D6E-802272780786}.Release|x86.Build.0 = Release|Any CPU
	EndGlobalSection
EndGlobal
